{
    __meta__ = {
        version = "1.0"
    },
    ["windows|x64"] = {
        ["cmake#f56260b5"] = {
            repo = {
                branch = "master",
                commit = "46f211728ebcd3cde2c5678c89199d0238a72a4f",
                url = "https://github.com/xmake-io/xmake-repo.git"
            },
            version = "4.3.4"
        },
        ["directxmath#f56260b5"] = {
            repo = {
                branch = "master",
                commit = "46f211728ebcd3cde2c5678c89199d0238a72a4f",
                url = "https://github.com/xmake-io/xmake-repo.git"
            },
            version = "2024.02"
        },
        ["directxtk#f56260b5"] = {
            repo = {
                branch = "master",
                commit = "46f211728ebcd3cde2c5678c89199d0238a72a4f",
                url = "https://github.com/xmake-io/xmake-repo.git"
            },
            version = "24.2.0"
        },
        ["magic_enum#f56260b5"] = {
            repo = {
                branch = "master",
                commit = "46f211728ebcd3cde2c5678c89199d0238a72a4f",
                url = "https://github.com/xmake-io/xmake-repo.git"
            },
            version = "v0.9.8"
        },
        ["ninja#f56260b5"] = {
            repo = {
                branch = "master",
                commit = "46f211728ebcd3cde2c5678c89199d0238a72a4f",
                url = "https://github.com/xmake-io/xmake-repo.git"
            },
            version = "v1.13.2"
        },
        ["nlohmann_json#f56260b5"] = {
            repo = {
                branch = "master",
                commit = "46f211728ebcd3cde2c5678c89199d0238a72a4f",
                url = "https://github.com/xmake-io/xmake-repo.git"
            },
            version = "v3.12.0"
        },
        ["spdlog#09c8c173"] = {
            repo = {
                branch = "master",
                commit = "46f211728ebcd3cde2c5678c89199d0238a72a4f",
                url = "https://github.com/xmake-io/xmake-repo.git"
            },
            version = "v1.17.0"
        },
        ["unordered_dense#f56260b5"] = {
            repo = {
                branch = "master",
                commit = "46f211728ebcd3cde2c5678c89199d0238a72a4f",
                url = "https://github.com/xmake-io/xmake-repo.git"
            },
            version = "v4.8.1"
        }
    }
}